
Microsoft Visual Studio Solution File, Format Version 12.00
# Visual Studio Version 17
VisualStudioVersion = 17.9.34728.123
MinimumVisualStudioVersion = 10.0.40219.1
Project("{9A19103F-16F7-4668-BE54-9A1E7A4F7556}") = "ToDoList", "ToDoList\ToDoList.csproj", "{A6443660-B33C-4533-A2FE-CD808BAE3147}"
EndProject
Project("{FAE04EC0-301F-11D3-BF4B-00C04F79EFBC}") = "SimpleCalculator", "..\SimpleCalculator\SimpleCalculator.csproj", "{D1C5F97C-3229-41A2-A32A-468F3DD5CFEC}"
EndProject
Global
	GlobalSection(SolutionConfigurationPlatforms) = preSolution
		Debug|Any CPU = Debug|Any CPU
		Release|Any CPU = Release|Any CPU
	EndGlobalSection
	GlobalSection(ProjectConfigurationPlatforms) = postSolution
		{A6443660-B33C-4533-A2FE-CD808BAE3147}.Debug|Any CPU.ActiveCfg = Debug|Any CPU
		{A6443660-B33C-4533-A2FE-CD808BAE3147}.Debug|Any CPU.Build.0 = Debug|Any CPU
		{A6443660-B33C-4533-A2FE-CD808BAE3147}.Release|Any CPU.ActiveCfg = Release|Any CPU
		{A6443660-B33C-4533-A2FE-CD808BAE3147}.Release|Any CPU.Build.0 = Release|Any CPU
		{D1C5F97C-3229-41A2-A32A-468F3DD5CFEC}.Debug|Any CPU.ActiveCfg = Debug|Any CPU
		{D1C5F97C-3229-41A2-A32A-468F3DD5CFEC}.Debug|Any CPU.Build.0 = Debug|Any CPU
		{D1C5F97C-3229-41A2-A32A-468F3DD5CFEC}.Release|Any CPU.ActiveCfg = Release|Any CPU
		{D1C5F97C-3229-41A2-A32A-468F3DD5CFEC}.Release|Any CPU.Build.0 = Release|Any CPU
	EndGlobalSection
	GlobalSection(SolutionProperties) = preSolution
		HideSolutionNode = FALSE
	EndGlobalSection
	GlobalSection(ExtensibilityGlobals) = postSolution
		SolutionGuid = {B4F6BE63-D4A4-44F3-8DA6-4F5E1261EEBC}
	EndGlobalSection
EndGlobal
